
Microsoft Visual Studio Solution File, Format Version 12.00
# Visual Studio Version 17
VisualStudioVersion = 17.8.34330.188
MinimumVisualStudioVersion = 10.0.40219.1
Project("{FAE04EC0-301F-11D3-BF4B-00C04F79EFBC}") = "WpfApp1", "WpfApp1.csproj", "{6BF50F98-D6E5-42EC-A29C-6717AD8DD6B5}"
EndProject
Global
	GlobalSection(SolutionConfigurationPlatforms) = preSolution
		Debug|Any CPU = Debug|Any CPU
		Release|Any CPU = Release|Any CPU
	EndGlobalSection
	GlobalSection(ProjectConfigurationPlatforms) = postSolution
		{6BF50F98-D6E5-42EC-A29C-6717AD8DD6B5}.Debug|Any CPU.ActiveCfg = Debug|Any CPU
		{6BF50F98-D6E5-42EC-A29C-6717AD8DD6B5}.Debug|Any CPU.Build.0 = Debug|Any CPU
		{6BF50F98-D6E5-42EC-A29C-6717AD8DD6B5}.Release|Any CPU.ActiveCfg = Release|Any CPU
		{6BF50F98-D6E5-42EC-A29C-6717AD8DD6B5}.Release|Any CPU.Build.0 = Release|Any CPU
	EndGlobalSection
	GlobalSection(SolutionProperties) = preSolution
		HideSolutionNode = FALSE
	EndGlobalSection
	GlobalSection(ExtensibilityGlobals) = postSolution
		SolutionGuid = {84DD57FC-FF00-482E-BF15-582048AA7C8C}
	EndGlobalSection
EndGlobal
